
Microsoft Visual Studio Solution File, Format Version 12.00
# Visual Studio 15
VisualStudioVersion = 15.0.28307.136
MinimumVisualStudioVersion = 10.0.40219.1
Project("{FAE04EC0-301F-11D3-BF4B-00C04F79EFBC}") = "multiplicationsTable", "multiplicationsTable\multiplicationsTable.csproj", "{550D0FC7-0FC3-4F40-8CFA-339845AD6F53}"
EndProject
Global
	GlobalSection(SolutionConfigurationPlatforms) = preSolution
		Debug|Any CPU = Debug|Any CPU
		Release|Any CPU = Release|Any CPU
	EndGlobalSection
	GlobalSection(ProjectConfigurationPlatforms) = postSolution
		{550D0FC7-0FC3-4F40-8CFA-339845AD6F53}.Debug|Any CPU.ActiveCfg = Debug|Any CPU
		{550D0FC7-0FC3-4F40-8CFA-339845AD6F53}.Debug|Any CPU.Build.0 = Debug|Any CPU
		{550D0FC7-0FC3-4F40-8CFA-339845AD6F53}.Release|Any CPU.ActiveCfg = Release|Any CPU
		{550D0FC7-0FC3-4F40-8CFA-339845AD6F53}.Release|Any CPU.Build.0 = Release|Any CPU
	EndGlobalSection
	GlobalSection(SolutionProperties) = preSolution
		HideSolutionNode = FALSE
	EndGlobalSection
	GlobalSection(ExtensibilityGlobals) = postSolution
		SolutionGuid = {544FB4CD-1E57-4E57-8545-B5C522FDF6D3}
	EndGlobalSection
EndGlobal
